lockfileVersion: 5.4

specifiers:
  '@sofunny/add-code-format': ^1.0.3
  typescript: ^4.9.3

devDependencies:
  '@sofunny/add-code-format': 1.0.3
  typescript: 4.9.3

packages:

  /@sofunny/add-code-format/1.0.3:
    resolution: {integrity: sha512-HixRJiK/NLlnYnaK5lpxdjf9/rDCYC0ba2rFylq696Ha2mpmGIkxF55IRLF3VHmY57BGAuWmWo4zWe3k+2fK0Q==}
    hasBin: true
    dev: true

  /typescript/4.9.3:
    resolution: {integrity: sha512-CIfGzTelbKNEnLpLdGFgdyKhG23CKdKgQPOBc+OUNrkJ2vr+KSzsSV5kq5iWhEQbok+quxgGzrAtGWCyU7tHnA==}
    engines: {node: '>=4.2.0'}
    hasBin: true
    dev: true
